github.com/asaskevich/govalidator v0.0.0-20230301143203-a9d515a09cc2 h1:DklsrG3dyBCFEj5IhUbnKptjxatkF07cF2ak3yi77so=
github.com/asaskevich/govalidator v0.0.0-20230301143203-a9d515a09cc2/go.mod h1:WaHUgvxTVq04UNunO+XhnAqY/wQc+bxr74GqbsZ/Jqw=
github.com/aymerick/douceur v0.2.0 h1:Mv+mAeH1Q+n9Fr+oyamOlAkUNPWPlA8PPGR0QAaYuPk=
github.com/aymerick/douceur v0.2.0/go.mod h1:wlT5vV2O3h55X9m7iVYN0TBM0NH/MmbLnd30/FjWUq4=
github.com/cpuguy83/go-md2man/v2 v2.0.7 h1:zbFlGlXEAKlwXpmvle3d8Oe3YnkKIK4xSRTd3sHPnBo=
github.com/cpuguy83/go-md2man/v2 v2.0.7/go.mod h1:oOW0eioCTA6cOiMLiUPZOpcVxMig6NIQQ7OS05n1F4g=
github.com/davecgh/go-spew v1.1.2-0.20180830191138-d8f796af33cc h1:U9qPSI2PIWSS1VwoXQT9A3Wy9MM3WgvqSxFWenqJduM=
github.com/davecgh/go-spew v1.1.2-0.20180830191138-d8f796af33cc/go.mod h1:J7Y8YcW2NihsgmVo/mv3lAwl/skON4iLHjSsI+c5H38=
github.com/google/go-cmp v0.6.0 h1:ofyhxvXcZhMsU5ulbFiLKl/XBFqE1GSq7atu8tAmTRI=
github.com/google/go-cmp v0.6.0/go.mod h1:17dUlkBOakJ0+DkrSSNjCkIjxS6bF9zb3elmeNGIjoY=
github.com/gorilla/css v1.0.1 h1:ntNaBIghp6JmvWnxbZKANoLyuXTPZ4cAMlo6RyhlbO8=
github.com/gorilla/css v1.0.1/go.mod h1:BvnYkspnSzMmwRK+b8/xgNPLiIuNZr6vbZBTPQ2A3b0=
github.com/jpillora/go-tld v1.2.1 h1:kDKOkmXLlskqjcvNs7w5XHLep7c8WM7Xd4HQjxllVMk=
github.com/jpillora/go-tld v1.2.1/go.mod h1:plzIl7xr5UWKGy7R+giuv+L/nOjrPjsoWxy/ST9OBUk=
github.com/likexian/gokit v0.25.16 h1:wwBeUIN/OdoPp6t00xTnZE8Di/+s969Bl5N2Kw6bzP8=
github.com/likexian/gokit v0.25.16/go.mod h1:Wqd4f+iifV0qxA1N3MqePJTUsmRy/lpst9/yXriDx/4=
github.com/likexian/whois v1.15.7 h1:sajjDhi2bVD71AHJhjV7jLYxN92H4AWhTwxM8hmj7c0=
github.com/likexian/whois v1.15.7/go.mod h1:kdPQtYb+7SQVftBEbCblDadUkycN7Mg1k1/Li/rwvmc=
github.com/likexian/whois-parser v1.24.21 h1:MxsrGRxDOiZIVp7q7N/yAIbKuN4QAkGjCpOtTDA5OsM=
github.com/likexian/whois-parser v1.24.21/go.mod h1:o3DUruO65Pb8WXCJCTlSVkTbwuYVrBCeoMTw2q0mxY4=
github.com/mattn/go-isatty v0.0.22 h1:j8l17JJ9i6VGPUFUYoTUKPSgKe/83EYU2zBC7YNKMw4=
github.com/mattn/go-isatty v0.0.22/go.mod h1:ZXfXG4SQHsB/w3ZeOYbR0PrPwLy+n6xiMrJlRFqopa4=
github.com/microcosm-cc/bluemonday v1.0.27 h1:MpEUotklkwCSLeH+Qdx1VJgNqLlpY2KXwXFM08ygZfk=
github.com/microcosm-cc/bluemonday v1.0.27/go.mod h1:jFi9vgW+H7c3V0lb6nR74Ib/DIB5OBs92Dimizgw2cA=
github.com/miekg/dns v1.1.72 h1:vhmr+TF2A3tuoGNkLDFK9zi36F2LS+hKTRW0Uf8kbzI=
github.com/miekg/dns v1.1.72/go.mod h1:+EuEPhdHOsfk6Wk5TT2CzssZdqkmFhf8r+aVyDEToIs=
github.com/pkg/errors v0.9.1 h1:FEBLx1zS214owpjy7qsBeixbURkuhQAwrK5UwLGTwt4=
github.com/pkg/errors v0.9.1/go.mod h1:bwawxfHBFNV+L2hUp1rHADufV3IMtnDRdf1r5NINEl0=
github.com/pmezard/go-difflib v1.0.1-0.20181226105442-5d4384ee4fb2 h1:Jamvg5psRIccs7FGNTlIRMkT8wgtp5eCXdBlqhYGL6U=
github.com/pmezard/go-difflib v1.0.1-0.20181226105442-5d4384ee4fb2/go.mod h1:iKH77koFhYxTK1pcRnkKkqfTogsbg7gZNVY4sRDYZ/4=
github.com/projectdiscovery/blackrock v0.0.1 h1:lHQqhaaEFjgf5WkuItbpeCZv2DUIE45k0VbGJyft6LQ=
github.com/projectdiscovery/blackrock v0.0.1/go.mod h1:ANUtjDfaVrqB453bzToU+YB4cUbvBRpLvEwoWIwlTss=
github.com/projectdiscovery/retryabledns v1.0.115 h1:RKV63FNIznFHUoawg/1hs53pVH3wqPtFhwstCuxVSoA=
github.com/projectdiscovery/retryabledns v1.0.115/go.mod h1:+fEMWoPigw+M0lGNKY7AZ+g8FIgj+4sONjsinMmeL3k=
github.com/projectdiscovery/utils v0.11.1 h1:PWj1KjIASxt8icxommH72C0TQqNOvGkcSODRkiq0SQw=
github.com/projectdiscovery/utils v0.11.1/go.mod h1:yktGrHGk2CTjNiccXovnvGrLHX9sV2bqz9nSnbA3V8M=
github.com/russross/blackfriday/v2 v2.1.0 h1:JIOH55/0cWyOuilr9/qlrm0BSXldqnqwMsf35Ld67mk=
github.com/russross/blackfriday/v2 v2.1.0/go.mod h1:+Rmxgy9KzJVeS9/2gXHxylqXiyQDYRxCVz55jmeOWTM=
github.com/saintfish/chardet v0.0.0-20230101081208-5e3ef4b5456d h1:hrujxIzL1woJ7AwssoOcM/tq5JjjG2yYOc8odClEiXA=
github.com/saintfish/chardet v0.0.0-20230101081208-5e3ef4b5456d/go.mod h1:uugorj2VCxiV1x+LzaIdVa9b4S4qGAcH6cbhh4qVxOU=
github.com/sirupsen/logrus v1.9.4 h1:TsZE7l11zFCLZnZ+teH4Umoq5BhEIfIzfRDZ1Uzql2w=
github.com/sirupsen/logrus v1.9.4/go.mod h1:ftWc9WdOfJ0a92nsE2jF5u5ZwH8Bv2zdeOC42RjbV2g=
github.com/stretchr/testify v1.11.1 h1:7s2iGBzp5EwR7/aIZr8ao5+dra3wiQyKjjFuvgVKu7U=
github.com/stretchr/testify v1.11.1/go.mod h1:wZwfW3scLgRK+23gO65QZefKpKQRnfz6sD981Nm4B6U=
github.com/tidwall/gjson v1.19.0 h1:xwxm7n691Uf3u5OFjzngavjGTh55KX5q/9w9xHW88JU=
github.com/tidwall/gjson v1.19.0/go.mod h1:V37/opeE/JbLUOfH0QTXiNez2l0RUjYUhpT4szFQAfc=
github.com/tidwall/match v1.2.0 h1:0pt8FlkOwjN2fPt4bIl4BoNxb98gGHN2ObFEDkrfZnM=
github.com/tidwall/match v1.2.0/go.mod h1:eRSPERbgtNPcGhD8UCthc6PmLEQXEWd3PRB5JTxsfmM=
github.com/tidwall/pretty v1.2.1 h1:qjsOFOWWQl+N3RsoF5/ssm1pHmJJwhjlSbZ51I6wMl4=
github.com/tidwall/pretty v1.2.1/go.mod h1:ITEVvHYasfjBbM0u2Pg8T2nJnzm8xPwvNhhsoaGGjNU=
github.com/urfave/cli/v2 v2.27.7 h1:bH59vdhbjLv3LAvIu6gd0usJHgoTTPhCFib8qqOwXYU=
github.com/urfave/cli/v2 v2.27.7/go.mod h1:CyNAG/xg+iAOg0N4MPGZqVmv2rCoP267496AOXUZjA4=
github.com/xrash/smetrics v0.0.0-20250705151800-55b8f293f342 h1:FnBeRrxr7OU4VvAzt5X7s6266i6cSVkkFPS0TuXWbIg=
github.com/xrash/smetrics v0.0.0-20250705151800-55b8f293f342/go.mod h1:Ohn+xnUBiLI6FVj/9LpzZWtj1/D6lUovWYBkxHVV3aM=
go.uber.org/multierr v1.11.0 h1:blXXJkSxSSfBVBlC76pxqeO+LN3aDfLQo+309xJstO0=
go.uber.org/multierr v1.11.0/go.mod h1:20+QtiLqy0Nd6FdQB9TLXag12DsQkrbs3htMFfDN80Y=
golang.org/x/exp v0.0.0-20260527015227-08cc5374adb3 h1:VHEvKbpgPXcPXn40t9cDTGK3JZwMikIEyF/CTrFfu7k=
golang.org/x/exp v0.0.0-20260527015227-08cc5374adb3/go.mod h1:d2fgXJLVs4dYDHUk5lwMIfzRzSrWCfGZb0ZqeLa/Vcw=
golang.org/x/mod v0.36.0 h1:JJjpVx6myfUsUdAzZuOSTTmRE0PfZeNWzzvKrP7amb4=
golang.org/x/mod v0.36.0/go.mod h1:moc6ELqsWcOw5Ef3xVprK5ul/MvtVvkIXLziUOICjUQ=
golang.org/x/net v0.0.0-20220225172249-27dd8689420f/go.mod h1:CfG3xpIq0wQ8r1q4Su4UZFWDARRcnwPjda9FqA0JpMk=
golang.org/x/net v0.55.0 h1:bcvxaJn3e1U6InsFWt1JUq1aSjnRxLzT2rtD2KfkDF8=
golang.org/x/net v0.55.0/go.mod h1:L5U2KuzuOe1lY7Z+aWVIKK6qEeJXnXV9yzGA+WCHJww=
golang.org/x/sync v0.20.0 h1:e0PTpb7pjO8GAtTs2dQ6jYa5BWYlMuX047Dco/pItO4=
golang.org/x/sync v0.20.0/go.mod h1:9xrNwdLfx4jkKbNva9FpL6vEN7evnE43NNNJQ2LF3+0=
golang.org/x/sys v0.0.0-20210615035016-665e8c7367d1/go.mod h1:oPkhp1MJrh7nUepCBck5+mAzfO9JrbApNNgaTdGDITg=
golang.org/x/sys v0.0.0-20211216021012-1d35b9e2eb4e/go.mod h1:oPkhp1MJrh7nUepCBck5+mAzfO9JrbApNNgaTdGDITg=
golang.org/x/sys v0.45.0 h1:dO4czNzziLiiXplLQgBCEpCvXQ3dnkn0SdaZSYdQ+FY=
golang.org/x/sys v0.45.0/go.mod h1:4GL1E5IUh+htKOUEOaiffhrAeqysfVGipDYzABqnCmw=
golang.org/x/term v0.0.0-20210927222741-03fcf44c2211/go.mod h1:jbD1KX2456YbFQfuXm/mYQcufACuNUgVhRMnK/tPxf8=
golang.org/x/text v0.3.7/go.mod h1:u+2+/6zg+i71rQMx5EYifcz6MCKuco9NR6JIITiCfzQ=
golang.org/x/text v0.37.0 h1:Cqjiwd9eSg8e0QAkyCaQTNHFIIzWtidPahFWR83rTrc=
golang.org/x/text v0.37.0/go.mod h1:a5sjxXGs9hsn/AJVwuElvCAo9v8QYLzvavO5z2PiM38=
golang.org/x/tools v0.0.0-20180917221912-90fa682c2a6e/go.mod h1:n7NCudcB/nEzxVGmLbDWY5pfWTLqBcC2KZ6jyYvM4mQ=
golang.org/x/tools v0.45.0 h1:18qN3FAooORvApf5XjCXgsuayZOEtXf6JK18I3+ONa8=
golang.org/x/tools v0.45.0/go.mod h1:LuUGqqaXcXMEFEruIVJVm5mgDD8vww/z/SR1gQ4uE/0=
gopkg.in/check.v1 v0.0.0-20161208181325-20d25e280405 h1:yhCVgyC4o1eVCa2tZl7eS0r+SDo693bJlVdllGtEeKM=
gopkg.in/check.v1 v0.0.0-20161208181325-20d25e280405/go.mod h1:Co6ibVJAznAaIkqp8huTwlJQCZ016jof/cbN4VW5Yz0=
gopkg.in/yaml.v3 v3.0.1 h1:fxVm/GzAzEWqLHuvctI91KS9hhNmmWOoWu0XTYJS7CA=
gopkg.in/yaml.v3 v3.0.1/go.mod h1:K4uyk7z7BCEPqu6E+C64Yfv1cQ7kz7rIZviUmN+EgEM=
